
Microsoft Visual Studio Solution File, Format Version 12.00
# Visual Studio Version 17
VisualStudioVersion = 17.6.33829.357
MinimumVisualStudioVersion = 10.0.40219.1
Project("{9A19103F-16F7-4668-BE54-9A1E7A4F7556}") = "BulkyWeb", "BulkyWeb\BulkyWeb.csproj", "{9674DBBA-3304-4DA8-A715-E28098DD5B1B}"
EndProject
Project("{FAE04EC0-301F-11D3-BF4B-00C04F79EFBC}") = "Bulky.DataAccess", "Bulky.DataAccess\Bulky.DataAccess.csproj", "{56EF3F9A-943A-41A2-96F9-DD93A505347F}"
EndProject
Project("{FAE04EC0-301F-11D3-BF4B-00C04F79EFBC}") = "Bulky.Model", "Bulky.Model\Bulky.Model.csproj", "{A071116A-094C-4D4B-B44B-A913BF5304AF}"
EndProject
Project("{FAE04EC0-301F-11D3-BF4B-00C04F79EFBC}") = "Bulky.Utility", "Bulky.Utility\Bulky.Utility.csproj", "{7F57B5C1-C46D-415A-8EAE-C6F095AF83D2}"
EndProject
Global
	GlobalSection(SolutionConfigurationPlatforms) = preSolution
		Debug|Any CPU = Debug|Any CPU
		Release|Any CPU = Release|Any CPU
	EndGlobalSection
	GlobalSection(ProjectConfigurationPlatforms) = postSolution
		{9674DBBA-3304-4DA8-A715-E28098DD5B1B}.Debug|Any CPU.ActiveCfg = Debug|Any CPU
		{9674DBBA-3304-4DA8-A715-E28098DD5B1B}.Debug|Any CPU.Build.0 = Debug|Any CPU
		{9674DBBA-3304-4DA8-A715-E28098DD5B1B}.Release|Any CPU.ActiveCfg = Release|Any CPU
		{9674DBBA-3304-4DA8-A715-E28098DD5B1B}.Release|Any CPU.Build.0 = Release|Any CPU
		{56EF3F9A-943A-41A2-96F9-DD93A505347F}.Debug|Any CPU.ActiveCfg = Debug|Any CPU
		{56EF3F9A-943A-41A2-96F9-DD93A505347F}.Debug|Any CPU.Build.0 = Debug|Any CPU
		{56EF3F9A-943A-41A2-96F9-DD93A505347F}.Release|Any CPU.ActiveCfg = Release|Any CPU
		{56EF3F9A-943A-41A2-96F9-DD93A505347F}.Release|Any CPU.Build.0 = Release|Any CPU
		{A071116A-094C-4D4B-B44B-A913BF5304AF}.Debug|Any CPU.ActiveCfg = Debug|Any CPU
		{A071116A-094C-4D4B-B44B-A913BF5304AF}.Debug|Any CPU.Build.0 = Debug|Any CPU
		{A071116A-094C-4D4B-B44B-A913BF5304AF}.Release|Any CPU.ActiveCfg = Release|Any CPU
		{A071116A-094C-4D4B-B44B-A913BF5304AF}.Release|Any CPU.Build.0 = Release|Any CPU
		{7F57B5C1-C46D-415A-8EAE-C6F095AF83D2}.Debug|Any CPU.ActiveCfg = Debug|Any CPU
		{7F57B5C1-C46D-415A-8EAE-C6F095AF83D2}.Debug|Any CPU.Build.0 = Debug|Any CPU
		{7F57B5C1-C46D-415A-8EAE-C6F095AF83D2}.Release|Any CPU.ActiveCfg = Release|Any CPU
		{7F57B5C1-C46D-415A-8EAE-C6F095AF83D2}.Release|Any CPU.Build.0 = Release|Any CPU
	EndGlobalSection
	GlobalSection(SolutionProperties) = preSolution
		HideSolutionNode = FALSE
	EndGlobalSection
	GlobalSection(ExtensibilityGlobals) = postSolution
		SolutionGuid = {A79BEFC4-936C-40A8-B511-4598236065D2}
	EndGlobalSection
EndGlobal
